
Microsoft Visual Studio Solution File, Format Version 12.00
# Visual Studio Version 17
VisualStudioVersion = 17.14.36414.22 d17.14
MinimumVisualStudioVersion = 10.0.40219.1
Project("{FAE04EC0-301F-11D3-BF4B-00C04F79EFBC}") = "FluxoDesconto", "FluxoDesconto\FluxoDesconto.csproj", "{04BE5A2A-3429-4653-A18D-626A66F53D2B}"
EndProject
Global
	GlobalSection(SolutionConfigurationPlatforms) = preSolution
		Debug|Any CPU = Debug|Any CPU
		Release|Any CPU = Release|Any CPU
	EndGlobalSection
	GlobalSection(ProjectConfigurationPlatforms) = postSolution
		{04BE5A2A-3429-4653-A18D-626A66F53D2B}.Debug|Any CPU.ActiveCfg = Debug|Any CPU
		{04BE5A2A-3429-4653-A18D-626A66F53D2B}.Debug|Any CPU.Build.0 = Debug|Any CPU
		{04BE5A2A-3429-4653-A18D-626A66F53D2B}.Release|Any CPU.ActiveCfg = Release|Any CPU
		{04BE5A2A-3429-4653-A18D-626A66F53D2B}.Release|Any CPU.Build.0 = Release|Any CPU
	EndGlobalSection
	GlobalSection(SolutionProperties) = preSolution
		HideSolutionNode = FALSE
	EndGlobalSection
	GlobalSection(ExtensibilityGlobals) = postSolution
		SolutionGuid = {ABFC5464-0491-4C20-A116-1E2C584FD47D}
	EndGlobalSection
EndGlobal
